
Microsoft Visual Studio Solution File, Format Version 12.00
# Visual Studio Version 17
VisualStudioVersion = 17.4.33205.214
MinimumVisualStudioVersion = 10.0.40219.1
Project("{9A19103F-16F7-4668-BE54-9A1E7A4F7556}") = "CentralDeProdutos.Services.Api", "CentralDeProdutos.Services.Api\CentralDeProdutos.Services.Api.csproj", "{0348AFD2-0F03-4D5A-8DE8-D8FF8484532A}"
EndProject
Project("{9A19103F-16F7-4668-BE54-9A1E7A4F7556}") = "CentralDeProdutos.Application", "CentralDeProdutos.Application\CentralDeProdutos.Application.csproj", "{160CFEE4-8DB6-40F5-9475-9977FB5735C0}"
EndProject
Project("{9A19103F-16F7-4668-BE54-9A1E7A4F7556}") = "CentralDeProdutos.Domain", "CentralDeProdutos.Domain\CentralDeProdutos.Domain.csproj", "{D57CAC94-CF01-41B9-8EB8-81EB2991347B}"
EndProject
Project("{9A19103F-16F7-4668-BE54-9A1E7A4F7556}") = "CentralDeProdutos.Infra.Data", "CentralDeProdutos.Infra.Data\CentralDeProdutos.Infra.Data.csproj", "{1921C175-1EB1-48E4-896E-63D61F62199C}"
EndProject
Project("{9A19103F-16F7-4668-BE54-9A1E7A4F7556}") = "CentralDeProdutos.IntegrationTests", "CentralDeProdutos.IntegrationTests\CentralDeProdutos.IntegrationTests.csproj", "{46B0C785-E717-4016-A681-E0FF0491631B}"
EndProject
Project("{2150E333-8FDC-42A3-9474-1A3956D46DE8}") = "Adapters", "Adapters", "{00AE2087-63A5-46BA-8873-9A826FE34B52}"
EndProject
Project("{2150E333-8FDC-42A3-9474-1A3956D46DE8}") = "Core", "Core", "{EFA9F138-21B4-45C3-8834-7BC89DEAF0CB}"
EndProject
Project("{2150E333-8FDC-42A3-9474-1A3956D46DE8}") = "Tests", "Tests", "{0E530461-BDA7-4452-8B2A-38A5F9D91981}"
EndProject
Project("{2150E333-8FDC-42A3-9474-1A3956D46DE8}") = "Integration Tests", "Integration Tests", "{C9C8B790-5C27-4719-AD0B-46BB9FACFC97}"
EndProject
Project("{2150E333-8FDC-42A3-9474-1A3956D46DE8}") = "Unit Tests", "Unit Tests", "{E29F4FEC-664B-4726-8CC2-0091AB254F58}"
EndProject
Project("{2150E333-8FDC-42A3-9474-1A3956D46DE8}") = "Driving (Adaptadores primários)", "Driving (Adaptadores primários)", "{771A6729-0218-423E-A840-BCF253BA1871}"
EndProject
Project("{2150E333-8FDC-42A3-9474-1A3956D46DE8}") = "Driven (Adaptadores secundários)", "Driven (Adaptadores secundários)", "{22BF6242-EF46-4B51-99EC-E14C62AC0C5D}"
EndProject
Project("{FAE04EC0-301F-11D3-BF4B-00C04F79EFBC}") = "CentralDeProdutos.UnitTests", "CentralDeProdutos.UnitTests\CentralDeProdutos.UnitTests.csproj", "{C5851E78-EAB3-486A-B57A-E6EC840DDFF9}"
EndProject
Global
	GlobalSection(SolutionConfigurationPlatforms) = preSolution
		Debug|Any CPU = Debug|Any CPU
		Release|Any CPU = Release|Any CPU
	EndGlobalSection
	GlobalSection(ProjectConfigurationPlatforms) = postSolution
		{0348AFD2-0F03-4D5A-8DE8-D8FF8484532A}.Debug|Any CPU.ActiveCfg = Debug|Any CPU
		{0348AFD2-0F03-4D5A-8DE8-D8FF8484532A}.Debug|Any CPU.Build.0 = Debug|Any CPU
		{0348AFD2-0F03-4D5A-8DE8-D8FF8484532A}.Release|Any CPU.ActiveCfg = Release|Any CPU
		{0348AFD2-0F03-4D5A-8DE8-D8FF8484532A}.Release|Any CPU.Build.0 = Release|Any CPU
		{160CFEE4-8DB6-40F5-9475-9977FB5735C0}.Debug|Any CPU.ActiveCfg = Debug|Any CPU
		{160CFEE4-8DB6-40F5-9475-9977FB5735C0}.Debug|Any CPU.Build.0 = Debug|Any CPU
		{160CFEE4-8DB6-40F5-9475-9977FB5735C0}.Release|Any CPU.ActiveCfg = Release|Any CPU
		{160CFEE4-8DB6-40F5-9475-9977FB5735C0}.Release|Any CPU.Build.0 = Release|Any CPU
		{D57CAC94-CF01-41B9-8EB8-81EB2991347B}.Debug|Any CPU.ActiveCfg = Debug|Any CPU
		{D57CAC94-CF01-41B9-8EB8-81EB2991347B}.Debug|Any CPU.Build.0 = Debug|Any CPU
		{D57CAC94-CF01-41B9-8EB8-81EB2991347B}.Release|Any CPU.ActiveCfg = Release|Any CPU
		{D57CAC94-CF01-41B9-8EB8-81EB2991347B}.Release|Any CPU.Build.0 = Release|Any CPU
		{1921C175-1EB1-48E4-896E-63D61F62199C}.Debug|Any CPU.ActiveCfg = Debug|Any CPU
		{1921C175-1EB1-48E4-896E-63D61F62199C}.Debug|Any CPU.Build.0 = Debug|Any CPU
		{1921C175-1EB1-48E4-896E-63D61F62199C}.Release|Any CPU.ActiveCfg = Release|Any CPU
		{1921C175-1EB1-48E4-896E-63D61F62199C}.Release|Any CPU.Build.0 = Release|Any CPU
		{46B0C785-E717-4016-A681-E0FF0491631B}.Debug|Any CPU.ActiveCfg = Debug|Any CPU
		{46B0C785-E717-4016-A681-E0FF0491631B}.Debug|Any CPU.Build.0 = Debug|Any CPU
		{46B0C785-E717-4016-A681-E0FF0491631B}.Release|Any CPU.ActiveCfg = Release|Any CPU
		{46B0C785-E717-4016-A681-E0FF0491631B}.Release|Any CPU.Build.0 = Release|Any CPU
		{C5851E78-EAB3-486A-B57A-E6EC840DDFF9}.Debug|Any CPU.ActiveCfg = Debug|Any CPU
		{C5851E78-EAB3-486A-B57A-E6EC840DDFF9}.Debug|Any CPU.Build.0 = Debug|Any CPU
		{C5851E78-EAB3-486A-B57A-E6EC840DDFF9}.Release|Any CPU.ActiveCfg = Release|Any CPU
		{C5851E78-EAB3-486A-B57A-E6EC840DDFF9}.Release|Any CPU.Build.0 = Release|Any CPU
	EndGlobalSection
	GlobalSection(SolutionProperties) = preSolution
		HideSolutionNode = FALSE
	EndGlobalSection
	GlobalSection(NestedProjects) = preSolution
		{0348AFD2-0F03-4D5A-8DE8-D8FF8484532A} = {771A6729-0218-423E-A840-BCF253BA1871}
		{160CFEE4-8DB6-40F5-9475-9977FB5735C0} = {EFA9F138-21B4-45C3-8834-7BC89DEAF0CB}
		{D57CAC94-CF01-41B9-8EB8-81EB2991347B} = {EFA9F138-21B4-45C3-8834-7BC89DEAF0CB}
		{1921C175-1EB1-48E4-896E-63D61F62199C} = {22BF6242-EF46-4B51-99EC-E14C62AC0C5D}
		{46B0C785-E717-4016-A681-E0FF0491631B} = {C9C8B790-5C27-4719-AD0B-46BB9FACFC97}
		{C9C8B790-5C27-4719-AD0B-46BB9FACFC97} = {0E530461-BDA7-4452-8B2A-38A5F9D91981}
		{E29F4FEC-664B-4726-8CC2-0091AB254F58} = {0E530461-BDA7-4452-8B2A-38A5F9D91981}
		{771A6729-0218-423E-A840-BCF253BA1871} = {00AE2087-63A5-46BA-8873-9A826FE34B52}
		{22BF6242-EF46-4B51-99EC-E14C62AC0C5D} = {00AE2087-63A5-46BA-8873-9A826FE34B52}
		{C5851E78-EAB3-486A-B57A-E6EC840DDFF9} = {E29F4FEC-664B-4726-8CC2-0091AB254F58}
	EndGlobalSection
	GlobalSection(ExtensibilityGlobals) = postSolution
		SolutionGuid = {9C17097A-52B8-4ECF-A70F-44AB08660D8E}
	EndGlobalSection
EndGlobal
